
Microsoft Visual Studio Solution File, Format Version 12.00
# Visual Studio Version 16
VisualStudioVersion = 16.0.30320.27
MinimumVisualStudioVersion = 10.0.40219.1
Project("{FAE04EC0-301F-11D3-BF4B-00C04F79EFBC}") = "WebAutomation", "WebAutomation\WebAutomation.csproj", "{963E6572-3071-4891-AFDA-B9C888FD7729}"
EndProject
Global
	GlobalSection(SolutionConfigurationPlatforms) = preSolution
		Debug|Any CPU = Debug|Any CPU
		Release|Any CPU = Release|Any CPU
	EndGlobalSection
	GlobalSection(ProjectConfigurationPlatforms) = postSolution
		{963E6572-3071-4891-AFDA-B9C888FD7729}.Debug|Any CPU.ActiveCfg = Debug|Any CPU
		{963E6572-3071-4891-AFDA-B9C888FD7729}.Debug|Any CPU.Build.0 = Debug|Any CPU
		{963E6572-3071-4891-AFDA-B9C888FD7729}.Release|Any CPU.ActiveCfg = Release|Any CPU
		{963E6572-3071-4891-AFDA-B9C888FD7729}.Release|Any CPU.Build.0 = Release|Any CPU
	EndGlobalSection
	GlobalSection(SolutionProperties) = preSolution
		HideSolutionNode = FALSE
	EndGlobalSection
	GlobalSection(ExtensibilityGlobals) = postSolution
		SolutionGuid = {CB270238-0688-4D32-8613-930305A931A0}
	EndGlobalSection
EndGlobal
